// !$*UTF8*$!
{
	archiveVersion = 1;
	classes = {
	};
	objectVersion = 50;
	objects = {

/* Begin PBXBuildFile section */
		9F3AF5AD25A96D040029C7B1 /* AppDelegate.swift in Sources */ = {isa = PBXBuildFile; fileRef = 9F3AF5AC25A96D040029C7B1 /* AppDelegate.swift */; };
		9F3AF5AF25A96D040029C7B1 /* SceneDelegate.swift in Sources */ = {isa = PBXBuildFile; fileRef = 9F3AF5AE25A96D040029C7B1 /* SceneDelegate.swift */; };
		9F3AF5B125A96D040029C7B1 /* ViewController.swift in Sources */ = {isa = PBXBuildFile; fileRef = 9F3AF5B025A96D040029C7B1 /* ViewController.swift */; };
		9F3AF5B425A96D040029C7B1 /* Main.storyboard in Resources */ = {isa = PBXBuildFile; fileRef = 9F3AF5B225A96D040029C7B1 /* Main.storyboard */; };
		9F3AF5B625A96D0B0029C7B1 /* Assets.xcassets in Resources */ = {isa = PBXBuildFile; fileRef = 9F3AF5B525A96D0B0029C7B1 /* Assets.xcassets */; };
		9F3AF5B925A96D0B0029C7B1 /* LaunchScreen.storyboard in Resources */ = {isa = PBXBuildFile; fileRef = 9F3AF5B725A96D0B0029C7B1 /* LaunchScreen.storyboard */; };
/* End PBXBuildFile section */

/* Begin PBXFileReference section */
		9F3AF5A925A96D040029C7B1 /* I AM A DEVELOPER.app */ = {isa = PBXFileReference; explicitFileType = wrapper.application; includeInIndex = 0; path = "I AM A DEVELOPER.app"; sourceTree = BUILT_PRODUCTS_DIR; };
		9F3AF5AC25A96D040029C7B1 /* AppDelegate.swift */ = {isa = PBXFileReference; lastKnownFileType = sourcecode.swift; path = AppDelegate.swift; sourceTree = "<group>"; };
		9F3AF5AE25A96D040029C7B1 /* SceneDelegate.swift */ = {isa = PBXFileReference; lastKnownFileType = sourcecode.swift; path = SceneDelegate.swift; sourceTree = "<group>"; };
		9F3AF5B025A96D040029C7B1 /* ViewController.swift */ = {isa = PBXFileReference; lastKnownFileType = sourcecode.swift; path = ViewController.swift; sourceTree = "<group>"; };
		9F3AF5B325A96D040029C7B1 /* Base */ = {isa = PBXFileReference; lastKnownFileType = file.storyboard; name = Base; path = Base.lproj/Main.storyboard; sourceTree = "<group>"; };
		9F3AF5B525A96D0B0029C7B1 /* Assets.xcassets */ = {isa = PBXFileReference; lastKnownFileType = folder.assetcatalog; path = Assets.xcassets; sourceTree = "<group>"; };
		9F3AF5B825A96D0B0029C7B1 /* Base */ = {isa = PBXFileReference; lastKnownFileType = file.storyboard; name = Base; path = Base.lproj/LaunchScreen.storyboard; sourceTree = "<group>"; };
		9F3AF5BA25A96D0B0029C7B1 /* Info.plist */ = {isa = PBXFileReference; lastKnownFileType = text.plist.xml; path = Info.plist; sourceTree = "<group>"; };
/* End PBXFileReference section */

/* Begin PBXFrameworksBuildPhase section */
		9F3AF5A625A96D040029C7B1 /* Frameworks */ = {
			isa = PBXFrameworksBuildPhase;
			buildActionMask = 2147483647;
			files = (
			);
			runOnlyForDeploymentPostprocessing = 0;
		};
/* End PBXFrameworksBuildPhase section */

/* Begin PBXGroup section */
		9F3AF5A025A96D040029C7B1 = {
			isa = PBXGroup;
			children = (
				9F3AF5AB25A96D040029C7B1 /* I AM A DEVELOPER */,
				9F3AF5AA25A96D040029C7B1 /* Products */,
			);
			sourceTree = "<group>";
		};
		9F3AF5AA25A96D040029C7B1 /* Products */ = {
			isa = PBXGroup;
			children = (
				9F3AF5A925A96D040029C7B1 /* I AM A DEVELOPER.app */,
			);
			name = Products;
			sourceTree = "<group>";
		};
		9F3AF5AB25A96D040029C7B1 /* I AM A DEVELOPER */ = {
			isa = PBXGroup;
			children = (
				9F3AF5AC25A96D040029C7B1 /* AppDelegate.swift */,
				9F3AF5AE25A96D040029C7B1 /* SceneDelegate.swift */,
				9F3AF5B025A96D040029C7B1 /* ViewController.swift */,
				9F3AF5B225A96D040029C7B1 /* Main.storyboard */,
				9F3AF5B525A96D0B0029C7B1 /* Assets.xcassets */,
				9F3AF5B725A96D0B0029C7B1 /* LaunchScreen.storyboard */,
				9F3AF5BA25A96D0B0029C7B1 /* Info.plist */,
			);
			path = "I AM A DEVELOPER";
			sourceTree = "<group>";
		};
/* End PBXGroup section */

/* Begin PBXNativeTarget section */
		9F3AF5A825A96D040029C7B1 /* I AM A DEVELOPER */ = {
			isa = PBXNativeTarget;
			buildConfigurationList = 9F3AF5BD25A96D0B0029C7B1 /* Build configuration list for PBXNativeTarget "I AM A DEVELOPER" */;
			buildPhases = (
				9F3AF5A525A96D040029C7B1 /* Sources */,
				9F3AF5A625A96D040029C7B1 /* Frameworks */,
				9F3AF5A725A96D040029C7B1 /* Resources */,
			);
			buildRules = (
			);
			dependencies = (
			);
			name = "I AM A DEVELOPER";
			productName = "I AM A DEVELOPER";
			productReference = 9F3AF5A925A96D040029C7B1 /* I AM A DEVELOPER.app */;
			productType = "com.apple.product-type.application";
		};
/* End PBXNativeTarget section */

/* Begin PBXProject section */
		9F3AF5A125A96D040029C7B1 /* Project object */ = {
			isa = PBXProject;
			attributes = {
				LastSwiftUpdateCheck = 1170;
				LastUpgradeCheck = 1170;
				ORGANIZATIONNAME = "Issack Shama";
				TargetAttributes = {
					9F3AF5A825A96D040029C7B1 = {
						CreatedOnToolsVersion = 11.7;
					};
				};
			};
			buildConfigurationList = 9F3AF5A425A96D040029C7B1 /* Build configuration list for PBXProject "I AM A DEVELOPER" */;
			compatibilityVersion = "Xcode 9.3";
			developmentRegion = en;
			hasScannedForEncodings = 0;
			knownRegions = (
				en,
				Base,
			);
			mainGroup = 9F3AF5A025A96D040029C7B1;
			productRefGroup = 9F3AF5AA25A96D040029C7B1 /* Products */;
			projectDirPath = "";
			projectRoot = "";
			targets = (
				9F3AF5A825A96D040029C7B1 /* I AM A DEVELOPER */,
			);
		};
/* End PBXProject section */

/* Begin PBXResourcesBuildPhase section */
		9F3AF5A725A96D040029C7B1 /* Resources */ = {
			isa = PBXResourcesBuildPhase;
			buildActionMask = 2147483647;
			files = (
				9F3AF5B925A96D0B0029C7B1 /* LaunchScreen.storyboard in Resources */,
				9F3AF5B625A96D0B0029C7B1 /* Assets.xcassets in Resources */,
				9F3AF5B425A96D040029C7B1 /* Main.storyboard in Resources */,
			);
			runOnlyForDeploymentPostprocessing = 0;
		};
/* End PBXResourcesBuildPhase section */

/* Begin PBXSourcesBuildPhase section */
		9F3AF5A525A96D040029C7B1 /* Sources */ = {
			isa = PBXSourcesBuildPhase;
			buildActionMask = 2147483647;
			files = (
				9F3AF5B125A96D040029C7B1 /* ViewController.swift in Sources */,
				9F3AF5AD25A96D040029C7B1 /* AppDelegate.swift in Sources */,
				9F3AF5AF25A96D040029C7B1 /* SceneDelegate.swift in Sources */,
			);
			runOnlyForDeploymentPostprocessing = 0;
		};
/* End PBXSourcesBuildPhase section */

/* Begin PBXVariantGroup section */
		9F3AF5B225A96D040029C7B1 /* Main.storyboard */ = {
			isa = PBXVariantGroup;
			children = (
				9F3AF5B325A96D040029C7B1 /* Base */,
			);
			name = Main.storyboard;
			sourceTree = "<group>";
		};
		9F3AF5B725A96D0B0029C7B1 /* LaunchScreen.storyboard */ = {
			isa = PBXVariantGroup;
			children = (
				9F3AF5B825A96D0B0029C7B1 /* Base */,
			);
			name = LaunchScreen.storyboard;
			sourceTree = "<group>";
		};
/* End PBXVariantGroup section */

/* Begin XCBuildConfiguration section */
		9F3AF5BB25A96D0B0029C7B1 /* Debug */ = {
			isa = XCBuildConfiguration;
			buildSettings = {
				ALWAYS_SEARCH_USER_PATHS = NO;
				CLANG_ANALYZER_NONNULL = YES;
				CLANG_ANALYZER_NUMBER_OBJECT_CONVERSION = YES_AGGRESSIVE;
				CLANG_CXX_LANGUAGE_STANDARD = "gnu++14";
				CLANG_CXX_LIBRARY = "libc++";
				CLANG_ENABLE_MODULES = YES;
				CLANG_ENABLE_OBJC_ARC = YES;
				CLANG_ENABLE_OBJC_WEAK = YES;
				CLANG_WARN_BLOCK_CAPTURE_AUTORELEASING = YES;
				CLANG_WARN_BOOL_CONVERSION = YES;
				CLANG_WARN_COMMA = YES;
				CLANG_WARN_CONSTANT_CONVERSION = YES;
				CLANG_WARN_DEPRECATED_OBJC_IMPLEMENTATIONS = YES;
				CLANG_WARN_DIRECT_OBJC_ISA_USAGE = YES_ERROR;
				CLANG_WARN_DOCUMENTATION_COMMENTS = YES;
				CLANG_WARN_EMPTY_BODY = YES;
				CLANG_WARN_ENUM_CONVERSION = YES;
				CLANG_WARN_INFINITE_RECURSION = YES;
				CLANG_WARN_INT_CONVERSION = YES;
				CLANG_WARN_NON_LITERAL_NULL_CONVERSION = YES;
				CLANG_WARN_OBJC_IMPLICIT_RETAIN_SELF = YES;
				CLANG_WARN_OBJC_LITERAL_CONVERSION = YES;
				CLANG_WARN_OBJC_ROOT_CLASS = YES_ERROR;
				CLANG_WARN_RANGE_LOOP_ANALYSIS = YES;
				CLANG_WARN_STRICT_PROTOTYPES = YES;
				CLANG_WARN_SUSPICIOUS_MOVE = YES;
				CLANG_WARN_UNGUARDED_AVAILABILITY = YES_AGGRESSIVE;
				CLANG_WARN_UNREACHABLE_CODE = YES;
				CLANG_WARN__DUPLICATE_METHOD_MATCH = YES;
				COPY_PHASE_STRIP = NO;
				DEBUG_INFORMATION_FORMAT = dwarf;
				ENABLE_STRICT_OBJC_MSGSEND = YES;
				ENABLE_TESTABILITY = YES;
				GCC_C_LANGUAGE_STANDARD = gnu11;
				GCC_DYNAMIC_NO_PIC = NO;
				GCC_NO_COMMON_BLOCKS = YES;
				GCC_OPTIMIZATION_LEVEL = 0;
				GCC_PREPROCESSOR_DEFINITIONS = (
					"DEBUG=1",
					"$(inherited)",
				);
				GCC_WARN_64_TO_32_BIT_CONVERSION = YES;
				GCC_WARN_ABOUT_RETURN_TYPE = YES_ERROR;
				GCC_WARN_UNDECLARED_SELECTOR = YES;
				GCC_WARN_UNINITIALIZED_AUTOS = YES_AGGRESSIVE;
				GCC_WARN_UNUSED_FUNCTION = YES;
				GCC_WARN_UNUSED_VARIABLE = YES;
				IPHONEOS_DEPLOYMENT_TARGET = 13.7;
				MTL_ENABLE_DEBUG_INFO = INCLUDE_SOURCE;
				MTL_FAST_MATH = YES;
				ONLY_ACTIVE_ARCH = YES;
				SDKROOT = iphoneos;
				SWIFT_ACTIVE_COMPILATION_CONDITIONS = DEBUG;
				SWIFT_OPTIMIZATION_LEVEL = "-Onone";
			};
			name = Debug;
		};
		9F3AF5BC25A96D0B0029C7B1 /* Release */ = {
			isa = XCBuildConfiguration;
			buildSettings = {
				ALWAYS_SEARCH_USER_PATHS = NO;
				CLANG_ANALYZER_NONNULL = YES;
				CLANG_ANALYZER_NUMBER_OBJECT_CONVERSION = YES_AGGRESSIVE;
				CLANG_CXX_LANGUAGE_STANDARD = "gnu++14";
				CLANG_CXX_LIBRARY = "libc++";
				CLANG_ENABLE_MODULES = YES;
				CLANG_ENABLE_OBJC_ARC = YES;
				CLANG_ENABLE_OBJC_WEAK = YES;
				CLANG_WARN_BLOCK_CAPTURE_AUTORELEASING = YES;
				CLANG_WARN_BOOL_CONVERSION = YES;
				CLANG_WARN_COMMA = YES;
				CLANG_WARN_CONSTANT_CONVERSION = YES;
				CLANG_WARN_DEPRECATED_OBJC_IMPLEMENTATIONS = YES;
				CLANG_WARN_DIRECT_OBJC_ISA_USAGE = YES_ERROR;
				CLANG_WARN_DOCUMENTATION_COMMENTS = YES;
				CLANG_WARN_EMPTY_BODY = YES;
				CLANG_WARN_ENUM_CONVERSION = YES;
				CLANG_WARN_INFINITE_RECURSION = YES;
				CLANG_WARN_INT_CONVERSION = YES;
				CLANG_WARN_NON_LITERAL_NULL_CONVERSION = YES;
				CLANG_WARN_OBJC_IMPLICIT_RETAIN_SELF = YES;
				CLANG_WARN_OBJC_LITERAL_CONVERSION = YES;
				CLANG_WARN_OBJC_ROOT_CLASS = YES_ERROR;
				CLANG_WARN_RANGE_LOOP_ANALYSIS = YES;
				CLANG_WARN_STRICT_PROTOTYPES = YES;
				CLANG_WARN_SUSPICIOUS_MOVE = YES;
				CLANG_WARN_UNGUARDED_AVAILABILITY = YES_AGGRESSIVE;
				CLANG_WARN_UNREACHABLE_CODE = YES;
				CLANG_WARN__DUPLICATE_METHOD_MATCH = YES;
				COPY_PHASE_STRIP = NO;
				DEBUG_INFORMATION_FORMAT = "dwarf-with-dsym";
				ENABLE_NS_ASSERTIONS = NO;
				ENABLE_STRICT_OBJC_MSGSEND = YES;
				GCC_C_LANGUAGE_STANDARD = gnu11;
				GCC_NO_COMMON_BLOCKS = YES;
				GCC_WARN_64_TO_32_BIT_CONVERSION = YES;
				GCC_WARN_ABOUT_RETURN_TYPE = YES_ERROR;
				GCC_WARN_UNDECLARED_SELECTOR = YES;
				GCC_WARN_UNINITIALIZED_AUTOS = YES_AGGRESSIVE;
				GCC_WARN_UNUSED_FUNCTION = YES;
				GCC_WARN_UNUSED_VARIABLE = YES;
				IPHONEOS_DEPLOYMENT_TARGET = 13.7;
				MTL_ENABLE_DEBUG_INFO = NO;
				MTL_FAST_MATH = YES;
				SDKROOT = iphoneos;
				SWIFT_COMPILATION_MODE = wholemodule;
				SWIFT_OPTIMIZATION_LEVEL = "-O";
				VALIDATE_PRODUCT = YES;
			};
			name = Release;
		};
		9F3AF5BE25A96D0B0029C7B1 /* Debug */ = {
			isa = XCBuildConfiguration;
			buildSettings = {
				ASSETCATALOG_COMPILER_APPICON_NAME = AppIcon;
				CODE_SIGN_STYLE = Automatic;
				DEVELOPMENT_TEAM = QZZ43JC6BM;
				INFOPLIST_FILE = "I AM A DEVELOPER/Info.plist";
				LD_RUNPATH_SEARCH_PATHS = (
					"$(inherited)",
					"@executable_path/Frameworks",
				);
				PRODUCT_BUNDLE_IDENTIFIER = "com.example.I-AM-A-DEVELOPER";
				PRODUCT_NAME = "$(TARGET_NAME)";
				SWIFT_VERSION = 5.0;
				TARGETED_DEVICE_FAMILY = "1,2";
			};
			name = Debug;
		};
		9F3AF5BF25A96D0B0029C7B1 /* Release */ = {
			isa = XCBuildConfiguration;
			buildSettings = {
				ASSETCATALOG_COMPILER_APPICON_NAME = AppIcon;
				CODE_SIGN_STYLE = Automatic;
				DEVELOPMENT_TEAM = QZZ43JC6BM;
				INFOPLIST_FILE = "I AM A DEVELOPER/Info.plist";
				LD_RUNPATH_SEARCH_PATHS = (
					"$(inherited)",
					"@executable_path/Frameworks",
				);
				PRODUCT_BUNDLE_IDENTIFIER = "com.example.I-AM-A-DEVELOPER";
				PRODUCT_NAME = "$(TARGET_NAME)";
				SWIFT_VERSION = 5.0;
				TARGETED_DEVICE_FAMILY = "1,2";
			};
			name = Release;
		};
/* End XCBuildConfiguration section */

/* Begin XCConfigurationList section */
		9F3AF5A425A96D040029C7B1 /* Build configuration list for PBXProject "I AM A DEVELOPER" */ = {
			isa = XCConfigurationList;
			buildConfigurations = (
				9F3AF5BB25A96D0B0029C7B1 /* Debug */,
				9F3AF5BC25A96D0B0029C7B1 /* Release */,
			);
			defaultConfigurationIsVisible = 0;
			defaultConfigurationName = Release;
		};
		9F3AF5BD25A96D0B0029C7B1 /* Build configuration list for PBXNativeTarget "I AM A DEVELOPER" */ = {
			isa = XCConfigurationList;
			buildConfigurations = (
				9F3AF5BE25A96D0B0029C7B1 /* Debug */,
				9F3AF5BF25A96D0B0029C7B1 /* Release */,
			);
			defaultConfigurationIsVisible = 0;
			defaultConfigurationName = Release;
		};
/* End XCConfigurationList section */
	};
	rootObject = 9F3AF5A125A96D040029C7B1 /* Project object */;
}
